
Microsoft Visual Studio Solution File, Format Version 12.00
Project("{FAE04EC0-301F-11D3-BF4B-00C04F79EFBC}") = "Platform.Data.Doublets.Gql.Client", "Platform.Data.Doublets.Gql.Client\Platform.Data.Doublets.Gql.Client.csproj", "{CD0974D4-1694-4908-9665-BB33C160540E}"
EndProject
Global
	GlobalSection(SolutionConfigurationPlatforms) = preSolution
		Debug|Any CPU = Debug|Any CPU
		Release|Any CPU = Release|Any CPU
	EndGlobalSection
	GlobalSection(ProjectConfigurationPlatforms) = postSolution
		{CD0974D4-1694-4908-9665-BB33C160540E}.Debug|Any CPU.ActiveCfg = Debug|Any CPU
		{CD0974D4-1694-4908-9665-BB33C160540E}.Debug|Any CPU.Build.0 = Debug|Any CPU
		{CD0974D4-1694-4908-9665-BB33C160540E}.Release|Any CPU.ActiveCfg = Release|Any CPU
		{CD0974D4-1694-4908-9665-BB33C160540E}.Release|Any CPU.Build.0 = Release|Any CPU
	EndGlobalSection
EndGlobal
